PODS:
  - JFPopup (1.5.4):
    - JRBaseKit (~> 1.1.1)
  - JRBaseKit (1.1.1)

DEPENDENCIES:
  - JFPopup (from `../`)

SPEC REPOS:
  trunk:
    - JRBaseKit

EXTERNAL SOURCES:
  JFPopup:
    :path: "../"

SPEC CHECKSUMS:
  JFPopup: 8e0bc5c3bd92ad5375680d3bdec4c03c3d458be5
  JRBaseKit: e817f5516d9427f9dd249c99263f95fa260c3246

PODFILE CHECKSUM: 021adb08f3ad3359eccefa5ac5a9010de0d0e269

COCOAPODS: 1.11.3
